PODS:
  - AFNetworking (4.0.1):
    - AFNetworking/NSURLSession (= 4.0.1)
    - AFNetworking/Reachability (= 4.0.1)
    - AFNetworking/Security (= 4.0.1)
    - AFNetworking/Serialization (= 4.0.1)
    - AFNetworking/UIKit (= 4.0.1)
  - AFNetworking/NSURLSession (4.0.1):
    - AFNetworking/Reachability
    - AFNetworking/Security
    - AFNetworking/Serialization
  - AFNetworking/Reachability (4.0.1)
  - AFNetworking/Security (4.0.1)
  - AFNetworking/Serialization (4.0.1)
  - AFNetworking/UIKit (4.0.1):
    - AFNetworking/NSURLSession
  - DyteSdk (1.32.0)

DEPENDENCIES:
  - AFNetworking
  - DyteSdk

SPEC REPOS:
  trunk:
    - AFNetworking
    - DyteSdk

SPEC CHECKSUMS:
  AFNetworking: 7864c38297c79aaca1500c33288e429c3451fdce
  DyteSdk: 76ce4fcd43c19be6af6bbef21bf350d725bb33cb

PODFILE CHECKSUM: 1e392ffaf556728ed56d8c72ed1d46e0086e4b60

COCOAPODS: 1.11.2
