PODS:
  - AFNetworking (4.0.1):
    - AFNetworking/NSURLSession (= 4.0.1)
    - AFNetworking/Reachability (= 4.0.1)
    - AFNetworking/Security (= 4.0.1)
    - AFNetworking/Serialization (= 4.0.1)
    - AFNetworking/UIKit (= 4.0.1)
  - AFNetworking/NSURLSession (4.0.1):
    - AFNetworking/Reachability
    - AFNetworking/Security
    - AFNetworking/Serialization
  - AFNetworking/Reachability (4.0.1)
  - AFNetworking/Security (4.0.1)
  - AFNetworking/Serialization (4.0.1)
  - AFNetworking/UIKit (4.0.1):
    - AFNetworking/NSURLSession
  - DyteSdk (1.26)

DEPENDENCIES:
  - AFNetworking
  - DyteSdk

SPEC REPOS:
  trunk:
    - AFNetworking
    - DyteSdk

SPEC CHECKSUMS:
  AFNetworking: 7864c38297c79aaca1500c33288e429c3451fdce
  DyteSdk: 3042b951bdea586999774e0a35be21c3cd02a21b

PODFILE CHECKSUM: 533f90b7b299e1bdfbb8e4ec67a7de327a2106c8

COCOAPODS: 1.11.2
